{
  "name": "get-video-dimensions",
  "version": "1.0.0",
  "lockfileVersion": 1,
  "requires": true,
  "dependencies": {
    "@ffprobe-installer/darwin-x64": {
      "version": "4.1.0",
      "resolved": "https://registry.npmjs.org/@ffprobe-installer/darwin-x64/-/darwin-x64-4.1.0.tgz",
      "integrity": "sha512-ESwvOnbGVGK0r7bUdThSZAYipQOH0X79M4SoNZ5Tg77lq/RVbEdpObNEM2oRfLINbMlQQrezA4VYzt0n/DOkcQ==",
      "optional": true
    },
    "@ffprobe-installer/ffprobe": {
      "version": "1.1.0",
      "resolved": "https://registry.npmjs.org/@ffprobe-installer/ffprobe/-/ffprobe-1.1.0.tgz",
      "integrity": "sha512-koiZrWEC4hrzCuN+/ijHkeiyx7CnUr/cnGynQAgHMDphsDgZkXivNzZrtT6VI5Nf0SkQqC2ZPU5rx3nZ8yEqLQ==",
      "requires": {
        "@ffprobe-installer/darwin-x64": "4.1.0",
        "@ffprobe-installer/linux-arm": "4.3.2",
        "@ffprobe-installer/linux-arm64": "4.3.2",
        "@ffprobe-installer/linux-ia32": "4.1.0",
        "@ffprobe-installer/linux-x64": "4.1.0",
        "@ffprobe-installer/win32-ia32": "4.1.0",
        "@ffprobe-installer/win32-x64": "4.1.0"
      }
    },
    "@ffprobe-installer/linux-arm": {
      "version": "4.3.2",
      "resolved": "https://registry.npmjs.org/@ffprobe-installer/linux-arm/-/linux-arm-4.3.2.tgz",
      "integrity": "sha512-nZJbpTdh29swlgjVWi2fcV5jvbDFgo2y6a7X/uBsbely/TB158Fg0AncWJm7BbC0CwasGmSdqBsLtoSwXIcrlQ==",
      "optional": true
    },
    "@ffprobe-installer/linux-arm64": {
      "version": "4.3.2",
      "resolved": "https://registry.npmjs.org/@ffprobe-installer/linux-arm64/-/linux-arm64-4.3.2.tgz",
      "integrity": "sha512-9mCINruqx30UqB7kRvc75sj0yAPiDy21Fowow8bQDaAYAuO39MrFt/caLJrX11vCUfx2awolxKeuzTqcO9JjMQ==",
      "optional": true
    },
    "@ffprobe-installer/linux-ia32": {
      "version": "4.1.0",
      "resolved": "https://registry.npmjs.org/@ffprobe-installer/linux-ia32/-/linux-ia32-4.1.0.tgz",
      "integrity": "sha512-V2NeZpnly4HP1IU5IrsbbcRg8SWzC/SS0YDNSCjmhxGV2U8MUpW8c8KREE6nX56Dml8B8do5NNkTnaYCDPt3Xw==",
      "optional": true
    },
    "@ffprobe-installer/linux-x64": {
      "version": "4.1.0",
      "resolved": "https://registry.npmjs.org/@ffprobe-installer/linux-x64/-/linux-x64-4.1.0.tgz",
      "integrity": "sha512-Id+irHoI+Arq6tb3sHNQyzRrgUVVDgbmwpREDqQ+GDydiCw5ca7VnvRGXE/tBM2mVQ3/6m9wWHR7+xaW3gKJlA==",
      "optional": true
    },
    "@ffprobe-installer/win32-ia32": {
      "version": "4.1.0",
      "resolved": "https://registry.npmjs.org/@ffprobe-installer/win32-ia32/-/win32-ia32-4.1.0.tgz",
      "integrity": "sha512-G1pbRfk7XDi9EioT0gSR+O4ARdppS9kSXRzhnJOojUFD6x1k8Qv27RoOXeE5DtIE7TdX6UTywj8qA1BXI5zUUA==",
      "optional": true
    },
    "@ffprobe-installer/win32-x64": {
      "version": "4.1.0",
      "resolved": "https://registry.npmjs.org/@ffprobe-installer/win32-x64/-/win32-x64-4.1.0.tgz",
      "integrity": "sha512-gPW2FZxexzCAOhGch0JFkeSSln+wcL5d1JDlJwfSJVEAShHf9MmxiWq0NpHoCSzFvK5qwl0C58KG180eKvd3mA==",
      "optional": true
    }
  }
}
